Microsoft Visual Studio Solution File, Format Version 12.00
# Visual Studio Version 17
VisualStudioVersion = 17.11.35303.130
MinimumVisualStudioVersion = 10.0.40219.1
Project("{FAE04EC0-301F-11D3-BF4B-00C04F79EFBC}") = "AspireApp1.AppHost", "AspireApp1.AppHost\AspireApp1.AppHost.csproj", "{06BA89F3-563A-416C-9527-C5B7B9161C8E}"
EndProject
Project("{9A19103F-16F7-4668-BE54-9A1E7A4F7556}") = "AspireApp1.ServiceDefaults", "AspireApp1.ServiceDefaults\AspireApp1.ServiceDefaults.csproj", "{D16B8D1D-B95E-423E-AA5A-FA42FD3B43EF}"
EndProject
Project("{9A19103F-16F7-4668-BE54-9A1E7A4F7556}") = "AspireApp1.ApiService", "AspireApp1.ApiService\AspireApp1.ApiService.csproj", "{5E4AD76F-855C-4868-959E-9AE13CEE5362}"
EndProject
Project("{9A19103F-16F7-4668-BE54-9A1E7A4F7556}") = "AspireApp1.Web", "AspireApp1.Web\AspireApp1.Web.csproj", "{30DB7590-B121-4710-BF64-D3088824E016}"
EndProject
Global
	GlobalSection(SolutionConfigurationPlatforms) = preSolution
		Debug|Any CPU = Debug|Any CPU
		Release|Any CPU = Release|Any CPU
	EndGlobalSection
	GlobalSection(ProjectConfigurationPlatforms) = postSolution
		{06BA89F3-563A-416C-9527-C5B7B9161C8E}.Debug|Any CPU.ActiveCfg = Debug|Any CPU
		{06BA89F3-563A-416C-9527-C5B7B9161C8E}.Debug|Any CPU.Build.0 = Debug|Any CPU
		{06BA89F3-563A-416C-9527-C5B7B9161C8E}.Release|Any CPU.ActiveCfg = Release|Any CPU
		{06BA89F3-563A-416C-9527-C5B7B9161C8E}.Release|Any CPU.Build.0 = Release|Any CPU
		{D16B8D1D-B95E-423E-AA5A-FA42FD3B43EF}.Debug|Any CPU.ActiveCfg = Debug|Any CPU
		{D16B8D1D-B95E-423E-AA5A-FA42FD3B43EF}.Debug|Any CPU.Build.0 = Debug|Any CPU
		{D16B8D1D-B95E-423E-AA5A-FA42FD3B43EF}.Release|Any CPU.ActiveCfg = Release|Any CPU
		{D16B8D1D-B95E-423E-AA5A-FA42FD3B43EF}.Release|Any CPU.Build.0 = Release|Any CPU
		{5E4AD76F-855C-4868-959E-9AE13CEE5362}.Debug|Any CPU.ActiveCfg = Debug|Any CPU
		{5E4AD76F-855C-4868-959E-9AE13CEE5362}.Debug|Any CPU.Build.0 = Debug|Any CPU
		{5E4AD76F-855C-4868-959E-9AE13CEE5362}.Release|Any CPU.ActiveCfg = Release|Any CPU
		{5E4AD76F-855C-4868-959E-9AE13CEE5362}.Release|Any CPU.Build.0 = Release|Any CPU
		{30DB7590-B121-4710-BF64-D3088824E016}.Debug|Any CPU.ActiveCfg = Debug|Any CPU
		{30DB7590-B121-4710-BF64-D3088824E016}.Debug|Any CPU.Build.0 = Debug|Any CPU
		{30DB7590-B121-4710-BF64-D3088824E016}.Release|Any CPU.ActiveCfg = Release|Any CPU
		{30DB7590-B121-4710-BF64-D3088824E016}.Release|Any CPU.Build.0 = Release|Any CPU
	EndGlobalSection
	GlobalSection(SolutionProperties) = preSolution
		HideSolutionNode = FALSE
	EndGlobalSection
	GlobalSection(ExtensibilityGlobals) = postSolution
		SolutionGuid = {34CF2C39-0788-4466-AC6E-F024AEA727C7}
	EndGlobalSection
EndGlobal
